// !$*UTF8*$!
{
	archiveVersion = 1;
	classes = {
	};
	objectVersion = 56;
	objects = {

/* Begin PBXBuildFile section */
		4DEFA1452B7D2C0200767E68 /* TheMealDbApp.swift in Sources */ = {isa = PBXBuildFile; fileRef = 4DEFA1442B7D2C0200767E68 /* TheMealDbApp.swift */; };
		4DEFA1472B7D2C0200767E68 /* IndexView.swift in Sources */ = {isa = PBXBuildFile; fileRef = 4DEFA1462B7D2C0200767E68 /* IndexView.swift */; };
		4DEFA1492B7D2C0300767E68 /* Assets.xcassets in Resources */ = {isa = PBXBuildFile; fileRef = 4DEFA1482B7D2C0300767E68 /* Assets.xcassets */; };
		4DEFA14C2B7D2C0300767E68 /* Preview Assets.xcassets in Resources */ = {isa = PBXBuildFile; fileRef = 4DEFA14B2B7D2C0300767E68 /* Preview Assets.xcassets */; };
		4DEFA1732B7D2E6800767E68 /* MealIndexModelTests.swift in Sources */ = {isa = PBXBuildFile; fileRef = 4DEFA1722B7D2E6800767E68 /* MealIndexModelTests.swift */; };
		4DEFA1752B7D9B5000767E68 /* Index.swift in Sources */ = {isa = PBXBuildFile; fileRef = 4DEFA1742B7D9B5000767E68 /* Index.swift */; };
		4DEFA1772B7D9C2400767E68 /* IndexViewModel.swift in Sources */ = {isa = PBXBuildFile; fileRef = 4DEFA1762B7D9C2400767E68 /* IndexViewModel.swift */; };
		4DEFA1792B7E6B1000767E68 /* MealDbAPI.swift in Sources */ = {isa = PBXBuildFile; fileRef = 4DEFA1782B7E6B1000767E68 /* MealDbAPI.swift */; };
/* End PBXBuildFile section */

/* Begin PBXContainerItemProxy section */
		4DEFA1522B7D2C0300767E68 /* PBXContainerItemProxy */ = {
			isa = PBXContainerItemProxy;
			containerPortal = 4DEFA1392B7D2C0200767E68 /* Project object */;
			proxyType = 1;
			remoteGlobalIDString = 4DEFA1402B7D2C0200767E68;
			remoteInfo = TheMealDb;
		};
/* End PBXContainerItemProxy section */

/* Begin PBXFileReference section */
		4DEFA1412B7D2C0200767E68 /* TheMealDb.app */ = {isa = PBXFileReference; explicitFileType = wrapper.application; includeInIndex = 0; path = TheMealDb.app; sourceTree = BUILT_PRODUCTS_DIR; };
		4DEFA1442B7D2C0200767E68 /* TheMealDbApp.swift */ = {isa = PBXFileReference; lastKnownFileType = sourcecode.swift; path = TheMealDbApp.swift; sourceTree = "<group>"; };
		4DEFA1462B7D2C0200767E68 /* IndexView.swift */ = {isa = PBXFileReference; lastKnownFileType = sourcecode.swift; path = IndexView.swift; sourceTree = "<group>"; };
		4DEFA1482B7D2C0300767E68 /* Assets.xcassets */ = {isa = PBXFileReference; lastKnownFileType = folder.assetcatalog; path = Assets.xcassets; sourceTree = "<group>"; };
		4DEFA14B2B7D2C0300767E68 /* Preview Assets.xcassets */ = {isa = PBXFileReference; lastKnownFileType = folder.assetcatalog; path = "Preview Assets.xcassets"; sourceTree = "<group>"; };
		4DEFA1512B7D2C0300767E68 /* TheMealDbTests.xctest */ = {isa = PBXFileReference; explicitFileType = wrapper.cfbundle; includeInIndex = 0; path = TheMealDbTests.xctest; sourceTree = BUILT_PRODUCTS_DIR; };
		4DEFA1722B7D2E6800767E68 /* MealIndexModelTests.swift */ = {isa = PBXFileReference; lastKnownFileType = sourcecode.swift; path = MealIndexModelTests.swift; sourceTree = "<group>"; };
		4DEFA1742B7D9B5000767E68 /* Index.swift */ = {isa = PBXFileReference; lastKnownFileType = sourcecode.swift; path = Index.swift; sourceTree = "<group>"; };
		4DEFA1762B7D9C2400767E68 /* IndexViewModel.swift */ = {isa = PBXFileReference; lastKnownFileType = sourcecode.swift; path = IndexViewModel.swift; sourceTree = "<group>"; };
		4DEFA1782B7E6B1000767E68 /* MealDbAPI.swift */ = {isa = PBXFileReference; lastKnownFileType = sourcecode.swift; path = MealDbAPI.swift; sourceTree = "<group>"; };
/* End PBXFileReference section */

/* Begin PBXFrameworksBuildPhase section */
		4DEFA13E2B7D2C0200767E68 /* Frameworks */ = {
			isa = PBXFrameworksBuildPhase;
			buildActionMask = 2147483647;
			files = (
			);
			runOnlyForDeploymentPostprocessing = 0;
		};
		4DEFA14E2B7D2C0300767E68 /* Frameworks */ = {
			isa = PBXFrameworksBuildPhase;
			buildActionMask = 2147483647;
			files = (
			);
			runOnlyForDeploymentPostprocessing = 0;
		};
/* End PBXFrameworksBuildPhase section */

/* Begin PBXGroup section */
		4DEFA1382B7D2C0200767E68 = {
			isa = PBXGroup;
			children = (
				4DEFA1432B7D2C0200767E68 /* TheMealDb */,
				4DEFA1542B7D2C0300767E68 /* TheMealDbTests */,
				4DEFA1422B7D2C0200767E68 /* Products */,
			);
			sourceTree = "<group>";
		};
		4DEFA1422B7D2C0200767E68 /* Products */ = {
			isa = PBXGroup;
			children = (
				4DEFA1412B7D2C0200767E68 /* TheMealDb.app */,
				4DEFA1512B7D2C0300767E68 /* TheMealDbTests.xctest */,
			);
			name = Products;
			sourceTree = "<group>";
		};
		4DEFA1432B7D2C0200767E68 /* TheMealDb */ = {
			isa = PBXGroup;
			children = (
				4DEFA1702B7D2C2A00767E68 /* MealIndex */,
				4DEFA16F2B7D2C1D00767E68 /* MealDetails */,
				4DEFA16E2B7D2C1100767E68 /* Shared */,
				4DEFA1442B7D2C0200767E68 /* TheMealDbApp.swift */,
				4DEFA1482B7D2C0300767E68 /* Assets.xcassets */,
				4DEFA14A2B7D2C0300767E68 /* Preview Content */,
			);
			path = TheMealDb;
			sourceTree = "<group>";
		};
		4DEFA14A2B7D2C0300767E68 /* Preview Content */ = {
			isa = PBXGroup;
			children = (
				4DEFA14B2B7D2C0300767E68 /* Preview Assets.xcassets */,
			);
			path = "Preview Content";
			sourceTree = "<group>";
		};
		4DEFA1542B7D2C0300767E68 /* TheMealDbTests */ = {
			isa = PBXGroup;
			children = (
				4DEFA1712B7D2E3800767E68 /* MealIndex */,
			);
			path = TheMealDbTests;
			sourceTree = "<group>";
		};
		4DEFA16E2B7D2C1100767E68 /* Shared */ = {
			isa = PBXGroup;
			children = (
				4DEFA1782B7E6B1000767E68 /* MealDbAPI.swift */,
			);
			path = Shared;
			sourceTree = "<group>";
		};
		4DEFA16F2B7D2C1D00767E68 /* MealDetails */ = {
			isa = PBXGroup;
			children = (
			);
			path = MealDetails;
			sourceTree = "<group>";
		};
		4DEFA1702B7D2C2A00767E68 /* MealIndex */ = {
			isa = PBXGroup;
			children = (
				4DEFA1462B7D2C0200767E68 /* IndexView.swift */,
				4DEFA1742B7D9B5000767E68 /* Index.swift */,
				4DEFA1762B7D9C2400767E68 /* IndexViewModel.swift */,
			);
			path = MealIndex;
			sourceTree = "<group>";
		};
		4DEFA1712B7D2E3800767E68 /* MealIndex */ = {
			isa = PBXGroup;
			children = (
				4DEFA1722B7D2E6800767E68 /* MealIndexModelTests.swift */,
			);
			path = MealIndex;
			sourceTree = "<group>";
		};
/* End PBXGroup section */

/* Begin PBXNativeTarget section */
		4DEFA1402B7D2C0200767E68 /* TheMealDb */ = {
			isa = PBXNativeTarget;
			buildConfigurationList = 4DEFA1652B7D2C0300767E68 /* Build configuration list for PBXNativeTarget "TheMealDb" */;
			buildPhases = (
				4DEFA13D2B7D2C0200767E68 /* Sources */,
				4DEFA13E2B7D2C0200767E68 /* Frameworks */,
				4DEFA13F2B7D2C0200767E68 /* Resources */,
			);
			buildRules = (
			);
			dependencies = (
			);
			name = TheMealDb;
			productName = TheMealDb;
			productReference = 4DEFA1412B7D2C0200767E68 /* TheMealDb.app */;
			productType = "com.apple.product-type.application";
		};
		4DEFA1502B7D2C0300767E68 /* TheMealDbTests */ = {
			isa = PBXNativeTarget;
			buildConfigurationList = 4DEFA1682B7D2C0300767E68 /* Build configuration list for PBXNativeTarget "TheMealDbTests" */;
			buildPhases = (
				4DEFA14D2B7D2C0300767E68 /* Sources */,
				4DEFA14E2B7D2C0300767E68 /* Frameworks */,
				4DEFA14F2B7D2C0300767E68 /* Resources */,
			);
			buildRules = (
			);
			dependencies = (
				4DEFA1532B7D2C0300767E68 /* PBXTargetDependency */,
			);
			name = TheMealDbTests;
			productName = TheMealDbTests;
			productReference = 4DEFA1512B7D2C0300767E68 /* TheMealDbTests.xctest */;
			productType = "com.apple.product-type.bundle.unit-test";
		};
/* End PBXNativeTarget section */

/* Begin PBXProject section */
		4DEFA1392B7D2C0200767E68 /* Project object */ = {
			isa = PBXProject;
			attributes = {
				BuildIndependentTargetsInParallel = 1;
				LastSwiftUpdateCheck = 1510;
				LastUpgradeCheck = 1510;
				TargetAttributes = {
					4DEFA1402B7D2C0200767E68 = {
						CreatedOnToolsVersion = 15.1;
					};
					4DEFA1502B7D2C0300767E68 = {
						CreatedOnToolsVersion = 15.1;
						TestTargetID = 4DEFA1402B7D2C0200767E68;
					};
				};
			};
			buildConfigurationList = 4DEFA13C2B7D2C0200767E68 /* Build configuration list for PBXProject "TheMealDb" */;
			compatibilityVersion = "Xcode 14.0";
			developmentRegion = en;
			hasScannedForEncodings = 0;
			knownRegions = (
				en,
				Base,
			);
			mainGroup = 4DEFA1382B7D2C0200767E68;
			productRefGroup = 4DEFA1422B7D2C0200767E68 /* Products */;
			projectDirPath = "";
			projectRoot = "";
			targets = (
				4DEFA1402B7D2C0200767E68 /* TheMealDb */,
				4DEFA1502B7D2C0300767E68 /* TheMealDbTests */,
			);
		};
/* End PBXProject section */

/* Begin PBXResourcesBuildPhase section */
		4DEFA13F2B7D2C0200767E68 /* Resources */ = {
			isa = PBXResourcesBuildPhase;
			buildActionMask = 2147483647;
			files = (
				4DEFA14C2B7D2C0300767E68 /* Preview Assets.xcassets in Resources */,
				4DEFA1492B7D2C0300767E68 /* Assets.xcassets in Resources */,
			);
			runOnlyForDeploymentPostprocessing = 0;
		};
		4DEFA14F2B7D2C0300767E68 /* Resources */ = {
			isa = PBXResourcesBuildPhase;
			buildActionMask = 2147483647;
			files = (
			);
			runOnlyForDeploymentPostprocessing = 0;
		};
/* End PBXResourcesBuildPhase section */

/* Begin PBXSourcesBuildPhase section */
		4DEFA13D2B7D2C0200767E68 /* Sources */ = {
			isa = PBXSourcesBuildPhase;
			buildActionMask = 2147483647;
			files = (
				4DEFA1472B7D2C0200767E68 /* IndexView.swift in Sources */,
				4DEFA1452B7D2C0200767E68 /* TheMealDbApp.swift in Sources */,
				4DEFA1792B7E6B1000767E68 /* MealDbAPI.swift in Sources */,
				4DEFA1752B7D9B5000767E68 /* Index.swift in Sources */,
				4DEFA1772B7D9C2400767E68 /* IndexViewModel.swift in Sources */,
			);
			runOnlyForDeploymentPostprocessing = 0;
		};
		4DEFA14D2B7D2C0300767E68 /* Sources */ = {
			isa = PBXSourcesBuildPhase;
			buildActionMask = 2147483647;
			files = (
				4DEFA1732B7D2E6800767E68 /* MealIndexModelTests.swift in Sources */,
			);
			runOnlyForDeploymentPostprocessing = 0;
		};
/* End PBXSourcesBuildPhase section */

/* Begin PBXTargetDependency section */
		4DEFA1532B7D2C0300767E68 /* PBXTargetDependency */ = {
			isa = PBXTargetDependency;
			target = 4DEFA1402B7D2C0200767E68 /* TheMealDb */;
			targetProxy = 4DEFA1522B7D2C0300767E68 /* PBXContainerItemProxy */;
		};
/* End PBXTargetDependency section */

/* Begin XCBuildConfiguration section */
		4DEFA1632B7D2C0300767E68 /* Debug */ = {
			isa = XCBuildConfiguration;
			buildSettings = {
				ALWAYS_SEARCH_USER_PATHS = NO;
				ASSETCATALOG_COMPILER_GENERATE_SWIFT_ASSET_SYMBOL_EXTENSIONS = YES;
				CLANG_ANALYZER_NONNULL = YES;
				CLANG_ANALYZER_NUMBER_OBJECT_CONVERSION = YES_AGGRESSIVE;
				CLANG_CXX_LANGUAGE_STANDARD = "gnu++20";
				CLANG_ENABLE_MODULES = YES;
				CLANG_ENABLE_OBJC_ARC = YES;
				CLANG_ENABLE_OBJC_WEAK = YES;
				CLANG_WARN_BLOCK_CAPTURE_AUTORELEASING = YES;
				CLANG_WARN_BOOL_CONVERSION = YES;
				CLANG_WARN_COMMA = YES;
				CLANG_WARN_CONSTANT_CONVERSION = YES;
				CLANG_WARN_DEPRECATED_OBJC_IMPLEMENTATIONS = YES;
				CLANG_WARN_DIRECT_OBJC_ISA_USAGE = YES_ERROR;
				CLANG_WARN_DOCUMENTATION_COMMENTS = YES;
				CLANG_WARN_EMPTY_BODY = YES;
				CLANG_WARN_ENUM_CONVERSION = YES;
				CLANG_WARN_INFINITE_RECURSION = YES;
				CLANG_WARN_INT_CONVERSION = YES;
				CLANG_WARN_NON_LITERAL_NULL_CONVERSION = YES;
				CLANG_WARN_OBJC_IMPLICIT_RETAIN_SELF = YES;
				CLANG_WARN_OBJC_LITERAL_CONVERSION = YES;
				CLANG_WARN_OBJC_ROOT_CLASS = YES_ERROR;
				CLANG_WARN_QUOTED_INCLUDE_IN_FRAMEWORK_HEADER = YES;
				CLANG_WARN_RANGE_LOOP_ANALYSIS = YES;
				CLANG_WARN_STRICT_PROTOTYPES = YES;
				CLANG_WARN_SUSPICIOUS_MOVE = YES;
				CLANG_WARN_UNGUARDED_AVAILABILITY = YES_AGGRESSIVE;
				CLANG_WARN_UNREACHABLE_CODE = YES;
				CLANG_WARN__DUPLICATE_METHOD_MATCH = YES;
				COPY_PHASE_STRIP = NO;
				DEBUG_INFORMATION_FORMAT = dwarf;
				ENABLE_STRICT_OBJC_MSGSEND = YES;
				ENABLE_TESTABILITY = YES;
				ENABLE_USER_SCRIPT_SANDBOXING = YES;
				GCC_C_LANGUAGE_STANDARD = gnu17;
				GCC_DYNAMIC_NO_PIC = NO;
				GCC_NO_COMMON_BLOCKS = YES;
				GCC_OPTIMIZATION_LEVEL = 0;
				GCC_PREPROCESSOR_DEFINITIONS = (
					"DEBUG=1",
					"$(inherited)",
				);
				GCC_WARN_64_TO_32_BIT_CONVERSION = YES;
				GCC_WARN_ABOUT_RETURN_TYPE = YES_ERROR;
				GCC_WARN_UNDECLARED_SELECTOR = YES;
				GCC_WARN_UNINITIALIZED_AUTOS = YES_AGGRESSIVE;
				GCC_WARN_UNUSED_FUNCTION = YES;
				GCC_WARN_UNUSED_VARIABLE = YES;
				IPHONEOS_DEPLOYMENT_TARGET = 17.2;
				LOCALIZATION_PREFERS_STRING_CATALOGS = YES;
				MTL_ENABLE_DEBUG_INFO = INCLUDE_SOURCE;
				MTL_FAST_MATH = YES;
				ONLY_ACTIVE_ARCH = YES;
				SDKROOT = iphoneos;
				SWIFT_ACTIVE_COMPILATION_CONDITIONS = "DEBUG $(inherited)";
				SWIFT_OPTIMIZATION_LEVEL = "-Onone";
			};
			name = Debug;
		};
		4DEFA1642B7D2C0300767E68 /* Release */ = {
			isa = XCBuildConfiguration;
			buildSettings = {
				ALWAYS_SEARCH_USER_PATHS = NO;
				ASSETCATALOG_COMPILER_GENERATE_SWIFT_ASSET_SYMBOL_EXTENSIONS = YES;
				CLANG_ANALYZER_NONNULL = YES;
				CLANG_ANALYZER_NUMBER_OBJECT_CONVERSION = YES_AGGRESSIVE;
				CLANG_CXX_LANGUAGE_STANDARD = "gnu++20";
				CLANG_ENABLE_MODULES = YES;
				CLANG_ENABLE_OBJC_ARC = YES;
				CLANG_ENABLE_OBJC_WEAK = YES;
				CLANG_WARN_BLOCK_CAPTURE_AUTORELEASING = YES;
				CLANG_WARN_BOOL_CONVERSION = YES;
				CLANG_WARN_COMMA = YES;
				CLANG_WARN_CONSTANT_CONVERSION = YES;
				CLANG_WARN_DEPRECATED_OBJC_IMPLEMENTATIONS = YES;
				CLANG_WARN_DIRECT_OBJC_ISA_USAGE = YES_ERROR;
				CLANG_WARN_DOCUMENTATION_COMMENTS = YES;
				CLANG_WARN_EMPTY_BODY = YES;
				CLANG_WARN_ENUM_CONVERSION = YES;
				CLANG_WARN_INFINITE_RECURSION = YES;
				CLANG_WARN_INT_CONVERSION = YES;
				CLANG_WARN_NON_LITERAL_NULL_CONVERSION = YES;
				CLANG_WARN_OBJC_IMPLICIT_RETAIN_SELF = YES;
				CLANG_WARN_OBJC_LITERAL_CONVERSION = YES;
				CLANG_WARN_OBJC_ROOT_CLASS = YES_ERROR;
				CLANG_WARN_QUOTED_INCLUDE_IN_FRAMEWORK_HEADER = YES;
				CLANG_WARN_RANGE_LOOP_ANALYSIS = YES;
				CLANG_WARN_STRICT_PROTOTYPES = YES;
				CLANG_WARN_SUSPICIOUS_MOVE = YES;
				CLANG_WARN_UNGUARDED_AVAILABILITY = YES_AGGRESSIVE;
				CLANG_WARN_UNREACHABLE_CODE = YES;
				CLANG_WARN__DUPLICATE_METHOD_MATCH = YES;
				COPY_PHASE_STRIP = NO;
				DEBUG_INFORMATION_FORMAT = "dwarf-with-dsym";
				ENABLE_NS_ASSERTIONS = NO;
				ENABLE_STRICT_OBJC_MSGSEND = YES;
				ENABLE_USER_SCRIPT_SANDBOXING = YES;
				GCC_C_LANGUAGE_STANDARD = gnu17;
				GCC_NO_COMMON_BLOCKS = YES;
				GCC_WARN_64_TO_32_BIT_CONVERSION = YES;
				GCC_WARN_ABOUT_RETURN_TYPE = YES_ERROR;
				GCC_WARN_UNDECLARED_SELECTOR = YES;
				GCC_WARN_UNINITIALIZED_AUTOS = YES_AGGRESSIVE;
				GCC_WARN_UNUSED_FUNCTION = YES;
				GCC_WARN_UNUSED_VARIABLE = YES;
				IPHONEOS_DEPLOYMENT_TARGET = 17.2;
				LOCALIZATION_PREFERS_STRING_CATALOGS = YES;
				MTL_ENABLE_DEBUG_INFO = NO;
				MTL_FAST_MATH = YES;
				SDKROOT = iphoneos;
				SWIFT_COMPILATION_MODE = wholemodule;
				VALIDATE_PRODUCT = YES;
			};
			name = Release;
		};
		4DEFA1662B7D2C0300767E68 /* Debug */ = {
			isa = XCBuildConfiguration;
			buildSettings = {
				ASSETCATALOG_COMPILER_APPICON_NAME = AppIcon;
				ASSETCATALOG_COMPILER_GLOBAL_ACCENT_COLOR_NAME = AccentColor;
				CODE_SIGN_STYLE = Automatic;
				CURRENT_PROJECT_VERSION = 1;
				DEVELOPMENT_ASSET_PATHS = "\"TheMealDb/Preview Content\"";
				ENABLE_PREVIEWS = YES;
				GENERATE_INFOPLIST_FILE = YES;
				INFOPLIST_KEY_UIApplicationSceneManifest_Generation = YES;
				INFOPLIST_KEY_UIApplicationSupportsIndirectInputEvents = YES;
				INFOPLIST_KEY_UILaunchScreen_Generation = YES;
				INFOPLIST_KEY_UISupportedInterfaceOrientations_iPad = "UIInterfaceOrientationPortrait UIInterfaceOrientationPortraitUpsideDown UIInterfaceOrientationLandscapeLeft UIInterfaceOrientationLandscapeRight";
				INFOPLIST_KEY_UISupportedInterfaceOrientations_iPhone = "UIInterfaceOrientationPortrait UIInterfaceOrientationLandscapeLeft UIInterfaceOrientationLandscapeRight";
				LD_RUNPATH_SEARCH_PATHS = (
					"$(inherited)",
					"@executable_path/Frameworks",
				);
				MARKETING_VERSION = 1.0;
				PRODUCT_BUNDLE_IDENTIFIER = com.maschall.TheMealDb;
				PRODUCT_NAME = "$(TARGET_NAME)";
				SWIFT_EMIT_LOC_STRINGS = YES;
				SWIFT_VERSION = 5.0;
				TARGETED_DEVICE_FAMILY = "1,2";
			};
			name = Debug;
		};
		4DEFA1672B7D2C0300767E68 /* Release */ = {
			isa = XCBuildConfiguration;
			buildSettings = {
				ASSETCATALOG_COMPILER_APPICON_NAME = AppIcon;
				ASSETCATALOG_COMPILER_GLOBAL_ACCENT_COLOR_NAME = AccentColor;
				CODE_SIGN_STYLE = Automatic;
				CURRENT_PROJECT_VERSION = 1;
				DEVELOPMENT_ASSET_PATHS = "\"TheMealDb/Preview Content\"";
				ENABLE_PREVIEWS = YES;
				GENERATE_INFOPLIST_FILE = YES;
				INFOPLIST_KEY_UIApplicationSceneManifest_Generation = YES;
				INFOPLIST_KEY_UIApplicationSupportsIndirectInputEvents = YES;
				INFOPLIST_KEY_UILaunchScreen_Generation = YES;
				INFOPLIST_KEY_UISupportedInterfaceOrientations_iPad = "UIInterfaceOrientationPortrait UIInterfaceOrientationPortraitUpsideDown UIInterfaceOrientationLandscapeLeft UIInterfaceOrientationLandscapeRight";
				INFOPLIST_KEY_UISupportedInterfaceOrientations_iPhone = "UIInterfaceOrientationPortrait UIInterfaceOrientationLandscapeLeft UIInterfaceOrientationLandscapeRight";
				LD_RUNPATH_SEARCH_PATHS = (
					"$(inherited)",
					"@executable_path/Frameworks",
				);
				MARKETING_VERSION = 1.0;
				PRODUCT_BUNDLE_IDENTIFIER = com.maschall.TheMealDb;
				PRODUCT_NAME = "$(TARGET_NAME)";
				SWIFT_EMIT_LOC_STRINGS = YES;
				SWIFT_VERSION = 5.0;
				TARGETED_DEVICE_FAMILY = "1,2";
			};
			name = Release;
		};
		4DEFA1692B7D2C0300767E68 /* Debug */ = {
			isa = XCBuildConfiguration;
			buildSettings = {
				ALWAYS_EMBED_SWIFT_STANDARD_LIBRARIES = YES;
				BUNDLE_LOADER = "$(TEST_HOST)";
				CODE_SIGN_STYLE = Automatic;
				CURRENT_PROJECT_VERSION = 1;
				GENERATE_INFOPLIST_FILE = YES;
				IPHONEOS_DEPLOYMENT_TARGET = 17.2;
				MARKETING_VERSION = 1.0;
				PRODUCT_BUNDLE_IDENTIFIER = com.maschall.TheMealDbTests;
				PRODUCT_NAME = "$(TARGET_NAME)";
				SWIFT_EMIT_LOC_STRINGS = NO;
				SWIFT_VERSION = 5.0;
				TARGETED_DEVICE_FAMILY = "1,2";
				TEST_HOST = "$(BUILT_PRODUCTS_DIR)/TheMealDb.app/$(BUNDLE_EXECUTABLE_FOLDER_PATH)/TheMealDb";
			};
			name = Debug;
		};
		4DEFA16A2B7D2C0300767E68 /* Release */ = {
			isa = XCBuildConfiguration;
			buildSettings = {
				ALWAYS_EMBED_SWIFT_STANDARD_LIBRARIES = YES;
				BUNDLE_LOADER = "$(TEST_HOST)";
				CODE_SIGN_STYLE = Automatic;
				CURRENT_PROJECT_VERSION = 1;
				GENERATE_INFOPLIST_FILE = YES;
				IPHONEOS_DEPLOYMENT_TARGET = 17.2;
				MARKETING_VERSION = 1.0;
				PRODUCT_BUNDLE_IDENTIFIER = com.maschall.TheMealDbTests;
				PRODUCT_NAME = "$(TARGET_NAME)";
				SWIFT_EMIT_LOC_STRINGS = NO;
				SWIFT_VERSION = 5.0;
				TARGETED_DEVICE_FAMILY = "1,2";
				TEST_HOST = "$(BUILT_PRODUCTS_DIR)/TheMealDb.app/$(BUNDLE_EXECUTABLE_FOLDER_PATH)/TheMealDb";
			};
			name = Release;
		};
/* End XCBuildConfiguration section */

/* Begin XCConfigurationList section */
		4DEFA13C2B7D2C0200767E68 /* Build configuration list for PBXProject "TheMealDb" */ = {
			isa = XCConfigurationList;
			buildConfigurations = (
				4DEFA1632B7D2C0300767E68 /* Debug */,
				4DEFA1642B7D2C0300767E68 /* Release */,
			);
			defaultConfigurationIsVisible = 0;
			defaultConfigurationName = Release;
		};
		4DEFA1652B7D2C0300767E68 /* Build configuration list for PBXNativeTarget "TheMealDb" */ = {
			isa = XCConfigurationList;
			buildConfigurations = (
				4DEFA1662B7D2C0300767E68 /* Debug */,
				4DEFA1672B7D2C0300767E68 /* Release */,
			);
			defaultConfigurationIsVisible = 0;
			defaultConfigurationName = Release;
		};
		4DEFA1682B7D2C0300767E68 /* Build configuration list for PBXNativeTarget "TheMealDbTests" */ = {
			isa = XCConfigurationList;
			buildConfigurations = (
				4DEFA1692B7D2C0300767E68 /* Debug */,
				4DEFA16A2B7D2C0300767E68 /* Release */,
			);
			defaultConfigurationIsVisible = 0;
			defaultConfigurationName = Release;
		};
/* End XCConfigurationList section */
	};
	rootObject = 4DEFA1392B7D2C0200767E68 /* Project object */;
}
